// !$*UTF8*$!
{
	archiveVersion = 1;
	classes = {
	};
	objectVersion = 46;
	objects = {

/* Begin PBXBuildFile section */
		461B45E61950CE980000189B /* Cervical_Drawing.png in Resources */ = {isa = PBXBuildFile; fileRef = 461B45DE1950CE980000189B /* Cervical_Drawing.png */; };
		461B45E71950CE980000189B /* Cervical_Scan.png in Resources */ = {isa = PBXBuildFile; fileRef = 461B45DF1950CE980000189B /* Cervical_Scan.png */; };
		461B45E81950CE980000189B /* Lumbar_Drawing.png in Resources */ = {isa = PBXBuildFile; fileRef = 461B45E01950CE980000189B /* Lumbar_Drawing.png */; };
		461B45E91950CE980000189B /* Lumbar_Scan.png in Resources */ = {isa = PBXBuildFile; fileRef = 461B45E11950CE980000189B /* Lumbar_Scan.png */; };
		461B45EA1950CE980000189B /* Sacral_Drawing.png in Resources */ = {isa = PBXBuildFile; fileRef = 461B45E21950CE980000189B /* Sacral_Drawing.png */; };
		461B45EB1950CE980000189B /* Sacral_Scan.png in Resources */ = {isa = PBXBuildFile; fileRef = 461B45E31950CE980000189B /* Sacral_Scan.png */; };
		461B45EC1950CE980000189B /* Thoracic_Drawing.png in Resources */ = {isa = PBXBuildFile; fileRef = 461B45E41950CE980000189B /* Thoracic_Drawing.png */; };
		461B45ED1950CE980000189B /* Thoracic_Scan.png in Resources */ = {isa = PBXBuildFile; fileRef = 461B45E51950CE980000189B /* Thoracic_Scan.png */; };
		462CB052193CFDB200B6CF72 /* Letter E.png in Resources */ = {isa = PBXBuildFile; fileRef = 462CB04D193CFDB200B6CF72 /* Letter E.png */; };
		462CB053193CFDB200B6CF72 /* Letter G.png in Resources */ = {isa = PBXBuildFile; fileRef = 462CB04E193CFDB200B6CF72 /* Letter G.png */; };
		462CB054193CFDB200B6CF72 /* Letter H.png in Resources */ = {isa = PBXBuildFile; fileRef = 462CB04F193CFDB200B6CF72 /* Letter H.png */; };
		462CB055193CFDB200B6CF72 /* Letter N.png in Resources */ = {isa = PBXBuildFile; fileRef = 462CB050193CFDB200B6CF72 /* Letter N.png */; };
		462CB056193CFDB200B6CF72 /* Tracts.png in Resources */ = {isa = PBXBuildFile; fileRef = 462CB051193CFDB200B6CF72 /* Tracts.png */; };
		462CB059193CFEDA00B6CF72 /* Animations.png in Resources */ = {isa = PBXBuildFile; fileRef = 462CB058193CFEDA00B6CF72 /* Animations.png */; };
		462CB05C193D053E00B6CF72 /* Slides.png in Resources */ = {isa = PBXBuildFile; fileRef = 462CB05A193D053E00B6CF72 /* Slides.png */; };
		462CB05D193D053E00B6CF72 /* Stains.png in Resources */ = {isa = PBXBuildFile; fileRef = 462CB05B193D053E00B6CF72 /* Stains.png */; };
		466C49B4193BB914000B2A78 /* home.png in Resources */ = {isa = PBXBuildFile; fileRef = 466C49AE193BB914000B2A78 /* home.png */; };
		466C49B5193BB914000B2A78 /* Index.png in Resources */ = {isa = PBXBuildFile; fileRef = 466C49AF193BB914000B2A78 /* Index.png */; };
		466C49B6193BB914000B2A78 /* videos.png in Resources */ = {isa = PBXBuildFile; fileRef = 466C49B0193BB914000B2A78 /* videos.png */; };
		466C49B8193BBA0F000B2A78 /* Black Burger.png in Resources */ = {isa = PBXBuildFile; fileRef = 466C49B7193BBA0F000B2A78 /* Black Burger.png */; };
		466C49BB193BBA7D000B2A78 /* RNFrostedSidebar.m in Sources */ = {isa = PBXBuildFile; fileRef = 466C49BA193BBA7D000B2A78 /* RNFrostedSidebar.m */; };
		466C49C3193BC606000B2A78 /* 3D Models.png in Resources */ = {isa = PBXBuildFile; fileRef = 466C49C2193BC606000B2A78 /* 3D Models.png */; };
		46AC5F14193E6461003F1E12 /* Gross.png in Resources */ = {isa = PBXBuildFile; fileRef = 46AC5F0D193E6461003F1E12 /* Gross.png */; };
		46AC5F15193E6461003F1E12 /* NeuroC.png in Resources */ = {isa = PBXBuildFile; fileRef = 46AC5F0E193E6461003F1E12 /* NeuroC.png */; };
		46AC5F16193E6461003F1E12 /* NeuroL.png in Resources */ = {isa = PBXBuildFile; fileRef = 46AC5F0F193E6461003F1E12 /* NeuroL.png */; };
		46AC5F17193E6461003F1E12 /* NeuroS.png in Resources */ = {isa = PBXBuildFile; fileRef = 46AC5F10193E6461003F1E12 /* NeuroS.png */; };
		46AC5F18193E6461003F1E12 /* NeuroT.png in Resources */ = {isa = PBXBuildFile; fileRef = 46AC5F11193E6461003F1E12 /* NeuroT.png */; };
		46AC5F19193E6461003F1E12 /* white.png in Resources */ = {isa = PBXBuildFile; fileRef = 46AC5F12193E6461003F1E12 /* white.png */; };
		5953AA0D19467D6500677409 /* GrossVideoListViewController.m in Sources */ = {isa = PBXBuildFile; fileRef = 5953AA0C19467D6500677409 /* GrossVideoListViewController.m */; };
		5953AA101946802C00677409 /* Gross3DModelViewController.m in Sources */ = {isa = PBXBuildFile; fileRef = 5953AA0F1946802C00677409 /* Gross3DModelViewController.m */; };
		5953AA131946828B00677409 /* NeuroAnimationsListViewController.m in Sources */ = {isa = PBXBuildFile; fileRef = 5953AA121946828B00677409 /* NeuroAnimationsListViewController.m */; };
		5953AA16194683B000677409 /* EmbryoAnimationsListViewController.m in Sources */ = {isa = PBXBuildFile; fileRef = 5953AA15194683B000677409 /* EmbryoAnimationsListViewController.m */; };
		5962241519508A1500701B76 /* Neuraltube_001.mp4 in Resources */ = {isa = PBXBuildFile; fileRef = 5962241319508A1500701B76 /* Neuraltube_001.mp4 */; };
		5962242D19508A3A00701B76 /* CNS Development.png in Resources */ = {isa = PBXBuildFile; fileRef = 5962241819508A3A00701B76 /* CNS Development.png */; };
		5962242E19508A3A00701B76 /* Initial Spinal Cord.png in Resources */ = {isa = PBXBuildFile; fileRef = 5962241919508A3A00701B76 /* Initial Spinal Cord.png */; };
		5962242F19508A3A00701B76 /* Neural Tube Formation.png in Resources */ = {isa = PBXBuildFile; fileRef = 5962241A19508A3A00701B76 /* Neural Tube Formation.png */; };
		5962243019508A3A00701B76 /* Neural Tube Labelled.png in Resources */ = {isa = PBXBuildFile; fileRef = 5962241B19508A3A00701B76 /* Neural Tube Labelled.png */; };
		5962243119508A3A00701B76 /* Neural Tube Patterning.png in Resources */ = {isa = PBXBuildFile; fileRef = 5962241C19508A3A00701B76 /* Neural Tube Patterning.png */; };
		5962243219508A3A00701B76 /* Neuroepithelium.png in Resources */ = {isa = PBXBuildFile; fileRef = 5962241D19508A3A00701B76 /* Neuroepithelium.png */; };
		5962243319508A3A00701B76 /* SC change position.png in Resources */ = {isa = PBXBuildFile; fileRef = 5962241E19508A3A00701B76 /* SC change position.png */; };
		5962243419508A3A00701B76 /* Spinal Cord Further Development.png in Resources */ = {isa = PBXBuildFile; fileRef = 5962241F19508A3A00701B76 /* Spinal Cord Further Development.png */; };
		5962243519508A3A00701B76 /* histo1.jpg in Resources */ = {isa = PBXBuildFile; fileRef = 5962242219508A3A00701B76 /* histo1.jpg */; };
		5962243619508A3A00701B76 /* histo2.jpg in Resources */ = {isa = PBXBuildFile; fileRef = 5962242319508A3A00701B76 /* histo2.jpg */; };
		5962243719508A3A00701B76 /* neuro-cerv-scan.jpg in Resources */ = {isa = PBXBuildFile; fileRef = 5962242519508A3A00701B76 /* neuro-cerv-scan.jpg */; };
		5962243819508A3A00701B76 /* neuro-cerv.jpg in Resources */ = {isa = PBXBuildFile; fileRef = 5962242619508A3A00701B76 /* neuro-cerv.jpg */; };
		5962243919508A3A00701B76 /* neuro-lumb-scan.jpg in Resources */ = {isa = PBXBuildFile; fileRef = 5962242719508A3A00701B76 /* neuro-lumb-scan.jpg */; };
		5962243A19508A3A00701B76 /* neuro-lumb.jpg in Resources */ = {isa = PBXBuildFile; fileRef = 5962242819508A3A00701B76 /* neuro-lumb.jpg */; };
		5962243B19508A3A00701B76 /* neuro-sacral-scan.jpg in Resources */ = {isa = PBXBuildFile; fileRef = 5962242919508A3A00701B76 /* neuro-sacral-scan.jpg */; };
		5962243C19508A3A00701B76 /* neuro-sacral.jpg in Resources */ = {isa = PBXBuildFile; fileRef = 5962242A19508A3A00701B76 /* neuro-sacral.jpg */; };
		5962243D19508A3A00701B76 /* neuro-thoracic-scan.jpg in Resources */ = {isa = PBXBuildFile; fileRef = 5962242B19508A3A00701B76 /* neuro-thoracic-scan.jpg */; };
		5962243E19508A3A00701B76 /* neuro-thoracic.jpg in Resources */ = {isa = PBXBuildFile; fileRef = 5962242C19508A3A00701B76 /* neuro-thoracic.jpg */; };
		5962244119508F4000701B76 /* HistoSlide1ViewController.m in Sources */ = {isa = PBXBuildFile; fileRef = 5962244019508F4000701B76 /* HistoSlide1ViewController.m */; };
		596224441950907000701B76 /* HistoSlide2ViewController.m in Sources */ = {isa = PBXBuildFile; fileRef = 596224431950907000701B76 /* HistoSlide2ViewController.m */; };
		D00CA834194785A700C01BBF /* Embryoterms.plist in Resources */ = {isa = PBXBuildFile; fileRef = D00CA833194785A700C01BBF /* Embryoterms.plist */; };
		D00CA836194785B500C01BBF /* Histoterms.plist in Resources */ = {isa = PBXBuildFile; fileRef = D00CA835194785B500C01BBF /* Histoterms.plist */; };
		D00CA838194785C200C01BBF /* Grossterms.plist in Resources */ = {isa = PBXBuildFile; fileRef = D00CA837194785C200C01BBF /* Grossterms.plist */; };
		D00CA83B194792CB00C01BBF /* NeuroIndexViewController.m in Sources */ = {isa = PBXBuildFile; fileRef = D00CA83A194792CB00C01BBF /* NeuroIndexViewController.m */; };
		D00CA83E1947936900C01BBF /* GrossIndexViewController.m in Sources */ = {isa = PBXBuildFile; fileRef = D00CA83D1947936900C01BBF /* GrossIndexViewController.m */; };
		D00CA8411947941900C01BBF /* HistoIndexViewController.m in Sources */ = {isa = PBXBuildFile; fileRef = D00CA8401947941900C01BBF /* HistoIndexViewController.m */; };
		D00CA8441947948F00C01BBF /* EmbryoIndexViewController.m in Sources */ = {isa = PBXBuildFile; fileRef = D00CA8431947948F00C01BBF /* EmbryoIndexViewController.m */; };
		D02074EC1944FE9F00AADFDA /* Blue Button.gif in Resources */ = {isa = PBXBuildFile; fileRef = D02074EB1944FE9F00AADFDA /* Blue Button.gif */; };
		D02074EE1944FF8700AADFDA /* White Burger.png in Resources */ = {isa = PBXBuildFile; fileRef = D02074ED1944FF8700AADFDA /* White Burger.png */; };
		D0253F42193FE10A00CFE2AC /* E0.png in Resources */ = {isa = PBXBuildFile; fileRef = D0253F3A193FE10A00CFE2AC /* E0.png */; };
		D0253F43193FE10A00CFE2AC /* E1.png in Resources */ = {isa = PBXBuildFile; fileRef = D0253F3B193FE10A00CFE2AC /* E1.png */; };
		D0253F44193FE10A00CFE2AC /* E2.png in Resources */ = {isa = PBXBuildFile; fileRef = D0253F3C193FE10A00CFE2AC /* E2.png */; };
		D0253F45193FE10A00CFE2AC /* E3.png in Resources */ = {isa = PBXBuildFile; fileRef = D0253F3D193FE10A00CFE2AC /* E3.png */; };
		D0253F46193FE10A00CFE2AC /* E4.png in Resources */ = {isa = PBXBuildFile; fileRef = D0253F3E193FE10A00CFE2AC /* E4.png */; };
		D0253F47193FE10A00CFE2AC /* E5.png in Resources */ = {isa = PBXBuildFile; fileRef = D0253F3F193FE10A00CFE2AC /* E5.png */; };
		D0253F48193FE10A00CFE2AC /* E6.png in Resources */ = {isa = PBXBuildFile; fileRef = D0253F40193FE10A00CFE2AC /* E6.png */; };
		D0253F49193FE10A00CFE2AC /* E7.png in Resources */ = {isa = PBXBuildFile; fileRef = D0253F41193FE10A00CFE2AC /* E7.png */; };
		D02F1CFB194644350095A8E9 /* Neuroterms.plist in Resources */ = {isa = PBXBuildFile; fileRef = D02F1CFA194644350095A8E9 /* Neuroterms.plist */; };
		D05B5769195233B90098D846 /* SRExpandableTableViewController.m in Sources */ = {isa = PBXBuildFile; fileRef = D05B5768195233B90098D846 /* SRExpandableTableViewController.m */; };
		D06E5E32192FA51D00A12651 /* Foundation.framework in Frameworks */ = {isa = PBXBuildFile; fileRef = D06E5E31192FA51D00A12651 /* Foundation.framework */; };
		D06E5E34192FA51D00A12651 /* CoreGraphics.framework in Frameworks */ = {isa = PBXBuildFile; fileRef = D06E5E33192FA51D00A12651 /* CoreGraphics.framework */; };
		D06E5E36192FA51D00A12651 /* UIKit.framework in Frameworks */ = {isa = PBXBuildFile; fileRef = D06E5E35192FA51D00A12651 /* UIKit.framework */; };
		D06E5E3C192FA51D00A12651 /* InfoPlist.strings in Resources */ = {isa = PBXBuildFile; fileRef = D06E5E3A192FA51D00A12651 /* InfoPlist.strings */; };
		D06E5E3E192FA51D00A12651 /* main.m in Sources */ = {isa = PBXBuildFile; fileRef = D06E5E3D192FA51D00A12651 /* main.m */; };
		D06E5E42192FA51D00A12651 /* HomePageAppDelegate.m in Sources */ = {isa = PBXBuildFile; fileRef = D06E5E41192FA51D00A12651 /* HomePageAppDelegate.m */; };
		D06E5E45192FA51D00A12651 /* Main.storyboard in Resources */ = {isa = PBXBuildFile; fileRef = D06E5E43192FA51D00A12651 /* Main.storyboard */; };
		D06E5E48192FA51D00A12651 /* HomePageViewController.m in Sources */ = {isa = PBXBuildFile; fileRef = D06E5E47192FA51D00A12651 /* HomePageViewController.m */; };
		D06E5E4A192FA51D00A12651 /* Images.xcassets in Resources */ = {isa = PBXBuildFile; fileRef = D06E5E49192FA51D00A12651 /* Images.xcassets */; };
		D06E5E51192FA51D00A12651 /* XCTest.framework in Frameworks */ = {isa = PBXBuildFile; fileRef = D06E5E50192FA51D00A12651 /* XCTest.framework */; };
		D06E5E52192FA51D00A12651 /* Foundation.framework in Frameworks */ = {isa = PBXBuildFile; fileRef = D06E5E31192FA51D00A12651 /* Foundation.framework */; };
		D06E5E53192FA51D00A12651 /* UIKit.framework in Frameworks */ = {isa = PBXBuildFile; fileRef = D06E5E35192FA51D00A12651 /* UIKit.framework */; };
		D06E5E5B192FA51D00A12651 /* InfoPlist.strings in Resources */ = {isa = PBXBuildFile; fileRef = D06E5E59192FA51D00A12651 /* InfoPlist.strings */; };
		D06E5E5D192FA51D00A12651 /* HomePageTests.m in Sources */ = {isa = PBXBuildFile; fileRef = D06E5E5C192FA51D00A12651 /* HomePageTests.m */; };
		D06E5E6B192FA9F600A12651 /* IndexAllViewController.m in Sources */ = {isa = PBXBuildFile; fileRef = D06E5E6A192FA9F600A12651 /* IndexAllViewController.m */; };
		D074CE64192FF3CB00A2BAB1 /* HistologyViewController.m in Sources */ = {isa = PBXBuildFile; fileRef = D074CE63192FF3CB00A2BAB1 /* HistologyViewController.m */; };
		D074CE6A192FF77E00A2BAB1 /* GrossViewController.m in Sources */ = {isa = PBXBuildFile; fileRef = D074CE69192FF77E00A2BAB1 /* GrossViewController.m */; };
		D074CE6D192FF79300A2BAB1 /* EmbryoViewController.m in Sources */ = {isa = PBXBuildFile; fileRef = D074CE6C192FF79300A2BAB1 /* EmbryoViewController.m */; };
		D074CE70192FF7A000A2BAB1 /* NeuroViewController.m in Sources */ = {isa = PBXBuildFile; fileRef = D074CE6F192FF7A000A2BAB1 /* NeuroViewController.m */; };
		D0774D8A193CD5D400821D51 /* ExpandingCell.xib in Resources */ = {isa = PBXBuildFile; fileRef = D0774D89193CD5D400821D51 /* ExpandingCell.xib */; };
		D0774D8D193CD8D300821D51 /* ExpandingCell.m in Sources */ = {isa = PBXBuildFile; fileRef = D0774D8C193CD8D300821D51 /* ExpandingCell.m */; };
		D0EC0C1A19369684005A9138 /* Histo.png in Resources */ = {isa = PBXBuildFile; fileRef = D0EC0C1919369684005A9138 /* Histo.png */; };
/* End PBXBuildFile section */

/* Begin PBXContainerItemProxy section */
		D06E5E54192FA51D00A12651 /* PBXContainerItemProxy */ = {
			isa = PBXContainerItemProxy;
			containerPortal = D06E5E26192FA51D00A12651 /* Project object */;
			proxyType = 1;
			remoteGlobalIDString = D06E5E2D192FA51D00A12651;
			remoteInfo = HomePage;
		};
/* End PBXContainerItemProxy section */

/* Begin PBXFileReference section */
		461B45DE1950CE980000189B /* Cervical_Drawing.png */ = {isa = PBXFileReference; lastKnownFileType = image.png; path = Cervical_Drawing.png; sourceTree = "<group>"; };
		461B45DF1950CE980000189B /* Cervical_Scan.png */ = {isa = PBXFileReference; lastKnownFileType = image.png; path = Cervical_Scan.png; sourceTree = "<group>"; };
		461B45E01950CE980000189B /* Lumbar_Drawing.png */ = {isa = PBXFileReference; lastKnownFileType = image.png; path = Lumbar_Drawing.png; sourceTree = "<group>"; };
		461B45E11950CE980000189B /* Lumbar_Scan.png */ = {isa = PBXFileReference; lastKnownFileType = image.png; path = Lumbar_Scan.png; sourceTree = "<group>"; };
		461B45E21950CE980000189B /* Sacral_Drawing.png */ = {isa = PBXFileReference; lastKnownFileType = image.png; path = Sacral_Drawing.png; sourceTree = "<group>"; };
		461B45E31950CE980000189B /* Sacral_Scan.png */ = {isa = PBXFileReference; lastKnownFileType = image.png; path = Sacral_Scan.png; sourceTree = "<group>"; };
		461B45E41950CE980000189B /* Thoracic_Drawing.png */ = {isa = PBXFileReference; lastKnownFileType = image.png; path = Thoracic_Drawing.png; sourceTree = "<group>"; };
		461B45E51950CE980000189B /* Thoracic_Scan.png */ = {isa = PBXFileReference; lastKnownFileType = image.png; path = Thoracic_Scan.png; sourceTree = "<group>"; };
		462CB04D193CFDB200B6CF72 /* Letter E.png */ = {isa = PBXFileReference; lastKnownFileType = image.png; name = "Letter E.png"; path = "Images/Letter E.png"; sourceTree = "<group>"; };
		462CB04E193CFDB200B6CF72 /* Letter G.png */ = {isa = PBXFileReference; lastKnownFileType = image.png; name = "Letter G.png"; path = "Images/Letter G.png"; sourceTree = "<group>"; };
		462CB04F193CFDB200B6CF72 /* Letter H.png */ = {isa = PBXFileReference; lastKnownFileType = image.png; name = "Letter H.png"; path = "Images/Letter H.png"; sourceTree = "<group>"; };
		462CB050193CFDB200B6CF72 /* Letter N.png */ = {isa = PBXFileReference; lastKnownFileType = image.png; name = "Letter N.png"; path = "Images/Letter N.png"; sourceTree = "<group>"; };
		462CB051193CFDB200B6CF72 /* Tracts.png */ = {isa = PBXFileReference; lastKnownFileType = image.png; name = Tracts.png; path = Images/Tracts.png; sourceTree = "<group>"; };
		462CB058193CFEDA00B6CF72 /* Animations.png */ = {isa = PBXFileReference; lastKnownFileType = image.png; name = Animations.png; path = Images/Animations.png; sourceTree = "<group>"; };
		462CB05A193D053E00B6CF72 /* Slides.png */ = {isa = PBXFileReference; lastKnownFileType = image.png; name = Slides.png; path = Images/Slides.png; sourceTree = "<group>"; };
		462CB05B193D053E00B6CF72 /* Stains.png */ = {isa = PBXFileReference; lastKnownFileType = image.png; name = Stains.png; path = Images/Stains.png; sourceTree = "<group>"; };
		466C49AE193BB914000B2A78 /* home.png */ = {isa = PBXFileReference; lastKnownFileType = image.png; name = home.png; path = Images/home.png; sourceTree = "<group>"; };
		466C49AF193BB914000B2A78 /* Index.png */ = {isa = PBXFileReference; lastKnownFileType = image.png; name = Index.png; path = Images/Index.png; sourceTree = "<group>"; };
		466C49B0193BB914000B2A78 /* videos.png */ = {isa = PBXFileReference; lastKnownFileType = image.png; name = videos.png; path = Images/videos.png; sourceTree = "<group>"; };
		466C49B7193BBA0F000B2A78 /* Black Burger.png */ = {isa = PBXFileReference; lastKnownFileType = image.png; name = "Black Burger.png"; path = "Images/Black Burger.png"; sourceTree = "<group>"; };
		466C49B9193BBA7D000B2A78 /* RNFrostedSidebar.h */ = {isa = PBXFileReference; fileEncoding = 4; lastKnownFileType = sourcecode.c.h; path = RNFrostedSidebar.h; sourceTree = "<group>"; };
		466C49BA193BBA7D000B2A78 /* RNFrostedSidebar.m */ = {isa = PBXFileReference; fileEncoding = 4; lastKnownFileType = sourcecode.c.objc; path = RNFrostedSidebar.m; sourceTree = "<group>"; };
		466C49C2193BC606000B2A78 /* 3D Models.png */ = {isa = PBXFileReference; lastKnownFileType = image.png; name = "3D Models.png"; path = "Images/3D Models.png"; sourceTree = "<group>"; };
		46AC5F0D193E6461003F1E12 /* Gross.png */ = {isa = PBXFileReference; lastKnownFileType = image.png; name = Gross.png; path = Images/Gross.png; sourceTree = "<group>"; };
		46AC5F0E193E6461003F1E12 /* NeuroC.png */ = {isa = PBXFileReference; lastKnownFileType = image.png; name = NeuroC.png; path = Images/NeuroC.png; sourceTree = "<group>"; };
		46AC5F0F193E6461003F1E12 /* NeuroL.png */ = {isa = PBXFileReference; lastKnownFileType = image.png; name = NeuroL.png; path = Images/NeuroL.png; sourceTree = "<group>"; };
		46AC5F10193E6461003F1E12 /* NeuroS.png */ = {isa = PBXFileReference; lastKnownFileType = image.png; name = NeuroS.png; path = Images/NeuroS.png; sourceTree = "<group>"; };
		46AC5F11193E6461003F1E12 /* NeuroT.png */ = {isa = PBXFileReference; lastKnownFileType = image.png; name = NeuroT.png; path = Images/NeuroT.png; sourceTree = "<group>"; };
		46AC5F12193E6461003F1E12 /* white.png */ = {isa = PBXFileReference; lastKnownFileType = image.png; name = white.png; path = Images/white.png; sourceTree = "<group>"; };
		5953AA0B19467D6500677409 /* GrossVideoListViewController.h */ = {isa = PBXFileReference; fileEncoding = 4; lastKnownFileType = sourcecode.c.h; path = GrossVideoListViewController.h; sourceTree = "<group>"; };
		5953AA0C19467D6500677409 /* GrossVideoListViewController.m */ = {isa = PBXFileReference; fileEncoding = 4; lastKnownFileType = sourcecode.c.objc; path = GrossVideoListViewController.m; sourceTree = "<group>"; };
		5953AA0E1946802C00677409 /* Gross3DModelViewController.h */ = {isa = PBXFileReference; fileEncoding = 4; lastKnownFileType = sourcecode.c.h; path = Gross3DModelViewController.h; sourceTree = "<group>"; };
		5953AA0F1946802C00677409 /* Gross3DModelViewController.m */ = {isa = PBXFileReference; fileEncoding = 4; lastKnownFileType = sourcecode.c.objc; path = Gross3DModelViewController.m; sourceTree = "<group>"; };
		5953AA111946828B00677409 /* NeuroAnimationsListViewController.h */ = {isa = PBXFileReference; fileEncoding = 4; lastKnownFileType = sourcecode.c.h; path = NeuroAnimationsListViewController.h; sourceTree = "<group>"; };
		5953AA121946828B00677409 /* NeuroAnimationsListViewController.m */ = {isa = PBXFileReference; fileEncoding = 4; lastKnownFileType = sourcecode.c.objc; path = NeuroAnimationsListViewController.m; sourceTree = "<group>"; };
		5953AA14194683B000677409 /* EmbryoAnimationsListViewController.h */ = {isa = PBXFileReference; fileEncoding = 4; lastKnownFileType = sourcecode.c.h; path = EmbryoAnimationsListViewController.h; sourceTree = "<group>"; };
		5953AA15194683B000677409 /* EmbryoAnimationsListViewController.m */ = {isa = PBXFileReference; fileEncoding = 4; lastKnownFileType = sourcecode.c.objc; path = EmbryoAnimationsListViewController.m; sourceTree = "<group>"; };
		5962241319508A1500701B76 /* Neuraltube_001.mp4 */ = {isa = PBXFileReference; lastKnownFileType = file; path = Neuraltube_001.mp4; sourceTree = "<group>"; };
		5962241819508A3A00701B76 /* CNS Development.png */ = {isa = PBXFileReference; lastKnownFileType = image.png; path = "CNS Development.png"; sourceTree = "<group>"; };
		5962241919508A3A00701B76 /* Initial Spinal Cord.png */ = {isa = PBXFileReference; lastKnownFileType = image.png; path = "Initial Spinal Cord.png"; sourceTree = "<group>"; };
		5962241A19508A3A00701B76 /* Neural Tube Formation.png */ = {isa = PBXFileReference; lastKnownFileType = image.png; path = "Neural Tube Formation.png"; sourceTree = "<group>"; };
		5962241B19508A3A00701B76 /* Neural Tube Labelled.png */ = {isa = PBXFileReference; lastKnownFileType = image.png; path = "Neural Tube Labelled.png"; sourceTree = "<group>"; };
		5962241C19508A3A00701B76 /* Neural Tube Patterning.png */ = {isa = PBXFileReference; lastKnownFileType = image.png; path = "Neural Tube Patterning.png"; sourceTree = "<group>"; };
		5962241D19508A3A00701B76 /* Neuroepithelium.png */ = {isa = PBXFileReference; lastKnownFileType = image.png; path = Neuroepithelium.png; sourceTree = "<group>"; };
		5962241E19508A3A00701B76 /* SC change position.png */ = {isa = PBXFileReference; lastKnownFileType = image.png; path = "SC change position.png"; sourceTree = "<group>"; };
		5962241F19508A3A00701B76 /* Spinal Cord Further Development.png */ = {isa = PBXFileReference; lastKnownFileType = image.png; path = "Spinal Cord Further Development.png"; sourceTree = "<group>"; };
		5962242219508A3A00701B76 /* histo1.jpg */ = {isa = PBXFileReference; lastKnownFileType = image.jpeg; path = histo1.jpg; sourceTree = "<group>"; };
		5962242319508A3A00701B76 /* histo2.jpg */ = {isa = PBXFileReference; lastKnownFileType = image.jpeg; path = histo2.jpg; sourceTree = "<group>"; };
		5962242519508A3A00701B76 /* neuro-cerv-scan.jpg */ = {isa = PBXFileReference; lastKnownFileType = image.jpeg; path = "neuro-cerv-scan.jpg"; sourceTree = "<group>"; };
		5962242619508A3A00701B76 /* neuro-cerv.jpg */ = {isa = PBXFileReference; lastKnownFileType = image.jpeg; path = "neuro-cerv.jpg"; sourceTree = "<group>"; };
		5962242719508A3A00701B76 /* neuro-lumb-scan.jpg */ = {isa = PBXFileReference; lastKnownFileType = image.jpeg; path = "neuro-lumb-scan.jpg"; sourceTree = "<group>"; };
		5962242819508A3A00701B76 /* neuro-lumb.jpg */ = {isa = PBXFileReference; lastKnownFileType = image.jpeg; path = "neuro-lumb.jpg"; sourceTree = "<group>"; };
		5962242919508A3A00701B76 /* neuro-sacral-scan.jpg */ = {isa = PBXFileReference; lastKnownFileType = image.jpeg; path = "neuro-sacral-scan.jpg"; sourceTree = "<group>"; };
		5962242A19508A3A00701B76 /* neuro-sacral.jpg */ = {isa = PBXFileReference; lastKnownFileType = image.jpeg; path = "neuro-sacral.jpg"; sourceTree = "<group>"; };
		5962242B19508A3A00701B76 /* neuro-thoracic-scan.jpg */ = {isa = PBXFileReference; lastKnownFileType = image.jpeg; path = "neuro-thoracic-scan.jpg"; sourceTree = "<group>"; };
		5962242C19508A3A00701B76 /* neuro-thoracic.jpg */ = {isa = PBXFileReference; lastKnownFileType = image.jpeg; path = "neuro-thoracic.jpg"; sourceTree = "<group>"; };
		5962243F19508F4000701B76 /* HistoSlide1ViewController.h */ = {isa = PBXFileReference; fileEncoding = 4; lastKnownFileType = sourcecode.c.h; path = HistoSlide1ViewController.h; sourceTree = "<group>"; };
		5962244019508F4000701B76 /* HistoSlide1ViewController.m */ = {isa = PBXFileReference; fileEncoding = 4; lastKnownFileType = sourcecode.c.objc; path = HistoSlide1ViewController.m; sourceTree = "<group>"; };
		596224421950907000701B76 /* HistoSlide2ViewController.h */ = {isa = PBXFileReference; fileEncoding = 4; lastKnownFileType = sourcecode.c.h; path = HistoSlide2ViewController.h; sourceTree = "<group>"; };
		596224431950907000701B76 /* HistoSlide2ViewController.m */ = {isa = PBXFileReference; fileEncoding = 4; lastKnownFileType = sourcecode.c.objc; path = HistoSlide2ViewController.m; sourceTree = "<group>"; };
		D00CA833194785A700C01BBF /* Embryoterms.plist */ = {isa = PBXFileReference; fileEncoding = 4; lastKnownFileType = text.plist.xml; path = Embryoterms.plist; sourceTree = "<group>"; };
		D00CA835194785B500C01BBF /* Histoterms.plist */ = {isa = PBXFileReference; fileEncoding = 4; lastKnownFileType = text.plist.xml; path = Histoterms.plist; sourceTree = "<group>"; };
		D00CA837194785C200C01BBF /* Grossterms.plist */ = {isa = PBXFileReference; fileEncoding = 4; lastKnownFileType = text.plist.xml; path = Grossterms.plist; sourceTree = "<group>"; };
		D00CA839194792CB00C01BBF /* NeuroIndexViewController.h */ = {isa = PBXFileReference; fileEncoding = 4; lastKnownFileType = sourcecode.c.h; path = NeuroIndexViewController.h; sourceTree = "<group>"; };
		D00CA83A194792CB00C01BBF /* NeuroIndexViewController.m */ = {isa = PBXFileReference; fileEncoding = 4; lastKnownFileType = sourcecode.c.objc; path = NeuroIndexViewController.m; sourceTree = "<group>"; };
		D00CA83C1947936900C01BBF /* GrossIndexViewController.h */ = {isa = PBXFileReference; fileEncoding = 4; lastKnownFileType = sourcecode.c.h; path = GrossIndexViewController.h; sourceTree = "<group>"; };
		D00CA83D1947936900C01BBF /* GrossIndexViewController.m */ = {isa = PBXFileReference; fileEncoding = 4; lastKnownFileType = sourcecode.c.objc; path = GrossIndexViewController.m; sourceTree = "<group>"; };
		D00CA83F1947941900C01BBF /* HistoIndexViewController.h */ = {isa = PBXFileReference; fileEncoding = 4; lastKnownFileType = sourcecode.c.h; path = HistoIndexViewController.h; sourceTree = "<group>"; };
		D00CA8401947941900C01BBF /* HistoIndexViewController.m */ = {isa = PBXFileReference; fileEncoding = 4; lastKnownFileType = sourcecode.c.objc; path = HistoIndexViewController.m; sourceTree = "<group>"; };
		D00CA8421947948F00C01BBF /* EmbryoIndexViewController.h */ = {isa = PBXFileReference; fileEncoding = 4; lastKnownFileType = sourcecode.c.h; path = EmbryoIndexViewController.h; sourceTree = "<group>"; };
		D00CA8431947948F00C01BBF /* EmbryoIndexViewController.m */ = {isa = PBXFileReference; fileEncoding = 4; lastKnownFileType = sourcecode.c.objc; path = EmbryoIndexViewController.m; sourceTree = "<group>"; };
		D02074EB1944FE9F00AADFDA /* Blue Button.gif */ = {isa = PBXFileReference; lastKnownFileType = image.gif; name = "Blue Button.gif"; path = "Images/Blue Button.gif"; sourceTree = "<group>"; };
		D02074ED1944FF8700AADFDA /* White Burger.png */ = {isa = PBXFileReference; lastKnownFileType = image.png; name = "White Burger.png"; path = "Images/White Burger.png"; sourceTree = "<group>"; };
		D0253F3A193FE10A00CFE2AC /* E0.png */ = {isa = PBXFileReference; lastKnownFileType = image.png; name = E0.png; path = Images/E0.png; sourceTree = "<group>"; };
		D0253F3B193FE10A00CFE2AC /* E1.png */ = {isa = PBXFileReference; lastKnownFileType = image.png; name = E1.png; path = Images/E1.png; sourceTree = "<group>"; };
		D0253F3C193FE10A00CFE2AC /* E2.png */ = {isa = PBXFileReference; lastKnownFileType = image.png; name = E2.png; path = Images/E2.png; sourceTree = "<group>"; };
		D0253F3D193FE10A00CFE2AC /* E3.png */ = {isa = PBXFileReference; lastKnownFileType = image.png; name = E3.png; path = Images/E3.png; sourceTree = "<group>"; };
		D0253F3E193FE10A00CFE2AC /* E4.png */ = {isa = PBXFileReference; lastKnownFileType = image.png; name = E4.png; path = Images/E4.png; sourceTree = "<group>"; };
		D0253F3F193FE10A00CFE2AC /* E5.png */ = {isa = PBXFileReference; lastKnownFileType = image.png; name = E5.png; path = Images/E5.png; sourceTree = "<group>"; };
		D0253F40193FE10A00CFE2AC /* E6.png */ = {isa = PBXFileReference; lastKnownFileType = image.png; name = E6.png; path = Images/E6.png; sourceTree = "<group>"; };
		D0253F41193FE10A00CFE2AC /* E7.png */ = {isa = PBXFileReference; lastKnownFileType = image.png; name = E7.png; path = Images/E7.png; sourceTree = "<group>"; };
		D02F1CFA194644350095A8E9 /* Neuroterms.plist */ = {isa = PBXFileReference; fileEncoding = 4; lastKnownFileType = text.plist.xml; path = Neuroterms.plist; sourceTree = "<group>"; };
		D05B5767195233B90098D846 /* SRExpandableTableViewController.h */ = {isa = PBXFileReference; fileEncoding = 4; lastKnownFileType = sourcecode.c.h; path = SRExpandableTableViewController.h; sourceTree = "<group>"; };
		D05B5768195233B90098D846 /* SRExpandableTableViewController.m */ = {isa = PBXFileReference; fileEncoding = 4; lastKnownFileType = sourcecode.c.objc; path = SRExpandableTableViewController.m; sourceTree = "<group>"; };
		D06E5E2E192FA51D00A12651 /* HomePage.app */ = {isa = PBXFileReference; explicitFileType = wrapper.application; includeInIndex = 0; path = HomePage.app; sourceTree = BUILT_PRODUCTS_DIR; };
		D06E5E31192FA51D00A12651 /* Foundation.framework */ = {isa = PBXFileReference; lastKnownFileType = wrapper.framework; name = Foundation.framework; path = System/Library/Frameworks/Foundation.framework; sourceTree = SDKROOT; };
		D06E5E33192FA51D00A12651 /* CoreGraphics.framework */ = {isa = PBXFileReference; lastKnownFileType = wrapper.framework; name = CoreGraphics.framework; path = System/Library/Frameworks/CoreGraphics.framework; sourceTree = SDKROOT; };
		D06E5E35192FA51D00A12651 /* UIKit.framework */ = {isa = PBXFileReference; lastKnownFileType = wrapper.framework; name = UIKit.framework; path = System/Library/Frameworks/UIKit.framework; sourceTree = SDKROOT; };
		D06E5E39192FA51D00A12651 /* HomePage-Info.plist */ = {isa = PBXFileReference; lastKnownFileType = text.plist.xml; path = "HomePage-Info.plist"; sourceTree = "<group>"; };
		D06E5E3B192FA51D00A12651 /* en */ = {isa = PBXFileReference; lastKnownFileType = text.plist.strings; name = en; path = en.lproj/InfoPlist.strings; sourceTree = "<group>"; };
		D06E5E3D192FA51D00A12651 /* main.m */ = {isa = PBXFileReference; lastKnownFileType = sourcecode.c.objc; path = main.m; sourceTree = "<group>"; };
		D06E5E3F192FA51D00A12651 /* HomePage-Prefix.pch */ = {isa = PBXFileReference; lastKnownFileType = sourcecode.c.h; path = "HomePage-Prefix.pch"; sourceTree = "<group>"; };
		D06E5E40192FA51D00A12651 /* HomePageAppDelegate.h */ = {isa = PBXFileReference; lastKnownFileType = sourcecode.c.h; path = HomePageAppDelegate.h; sourceTree = "<group>"; };
		D06E5E41192FA51D00A12651 /* HomePageAppDelegate.m */ = {isa = PBXFileReference; lastKnownFileType = sourcecode.c.objc; path = HomePageAppDelegate.m; sourceTree = "<group>"; };
		D06E5E44192FA51D00A12651 /* Base */ = {isa = PBXFileReference; lastKnownFileType = file.storyboard; name = Base; path = Base.lproj/Main.storyboard; sourceTree = "<group>"; };
		D06E5E46192FA51D00A12651 /* HomePageViewController.h */ = {isa = PBXFileReference; lastKnownFileType = sourcecode.c.h; path = HomePageViewController.h; sourceTree = "<group>"; };
		D06E5E47192FA51D00A12651 /* HomePageViewController.m */ = {isa = PBXFileReference; lastKnownFileType = sourcecode.c.objc; path = HomePageViewController.m; sourceTree = "<group>"; };
		D06E5E49192FA51D00A12651 /* Images.xcassets */ = {isa = PBXFileReference; lastKnownFileType = folder.assetcatalog; path = Images.xcassets; sourceTree = "<group>"; };
		D06E5E4F192FA51D00A12651 /* HomePageTests.xctest */ = {isa = PBXFileReference; explicitFileType = wrapper.cfbundle; includeInIndex = 0; path = HomePageTests.xctest; sourceTree = BUILT_PRODUCTS_DIR; };
		D06E5E50192FA51D00A12651 /* XCTest.framework */ = {isa = PBXFileReference; lastKnownFileType = wrapper.framework; name = XCTest.framework; path = Library/Frameworks/XCTest.framework; sourceTree = DEVELOPER_DIR; };
		D06E5E58192FA51D00A12651 /* HomePageTests-Info.plist */ = {isa = PBXFileReference; lastKnownFileType = text.plist.xml; path = "HomePageTests-Info.plist"; sourceTree = "<group>"; };
		D06E5E5A192FA51D00A12651 /* en */ = {isa = PBXFileReference; lastKnownFileType = text.plist.strings; name = en; path = en.lproj/InfoPlist.strings; sourceTree = "<group>"; };
		D06E5E5C192FA51D00A12651 /* HomePageTests.m */ = {isa = PBXFileReference; lastKnownFileType = sourcecode.c.objc; path = HomePageTests.m; sourceTree = "<group>"; };
		D06E5E69192FA9F600A12651 /* IndexAllViewController.h */ = {isa = PBXFileReference; fileEncoding = 4; lastKnownFileType = sourcecode.c.h; path = IndexAllViewController.h; sourceTree = "<group>"; };
		D06E5E6A192FA9F600A12651 /* IndexAllViewController.m */ = {isa = PBXFileReference; fileEncoding = 4; lastKnownFileType = sourcecode.c.objc; path = IndexAllViewController.m; sourceTree = "<group>"; };
		D074CE62192FF3CB00A2BAB1 /* HistologyViewController.h */ = {isa = PBXFileReference; fileEncoding = 4; lastKnownFileType = sourcecode.c.h; path = HistologyViewController.h; sourceTree = "<group>"; };
		D074CE63192FF3CB00A2BAB1 /* HistologyViewController.m */ = {isa = PBXFileReference; fileEncoding = 4; lastKnownFileType = sourcecode.c.objc; path = HistologyViewController.m; sourceTree = "<group>"; };
		D074CE68192FF77E00A2BAB1 /* GrossViewController.h */ = {isa = PBXFileReference; fileEncoding = 4; lastKnownFileType = sourcecode.c.h; path = GrossViewController.h; sourceTree = "<group>"; };
		D074CE69192FF77E00A2BAB1 /* GrossViewController.m */ = {isa = PBXFileReference; fileEncoding = 4; lastKnownFileType = sourcecode.c.objc; path = GrossViewController.m; sourceTree = "<group>"; };
		D074CE6B192FF79300A2BAB1 /* EmbryoViewController.h */ = {isa = PBXFileReference; fileEncoding = 4; lastKnownFileType = sourcecode.c.h; path = EmbryoViewController.h; sourceTree = "<group>"; };
		D074CE6C192FF79300A2BAB1 /* EmbryoViewController.m */ = {isa = PBXFileReference; fileEncoding = 4; lastKnownFileType = sourcecode.c.objc; path = EmbryoViewController.m; sourceTree = "<group>"; };
		D074CE6E192FF7A000A2BAB1 /* NeuroViewController.h */ = {isa = PBXFileReference; fileEncoding = 4; lastKnownFileType = sourcecode.c.h; path = NeuroViewController.h; sourceTree = "<group>"; };
		D074CE6F192FF7A000A2BAB1 /* NeuroViewController.m */ = {isa = PBXFileReference; fileEncoding = 4; lastKnownFileType = sourcecode.c.objc; path = NeuroViewController.m; sourceTree = "<group>"; };
		D0774D89193CD5D400821D51 /* ExpandingCell.xib */ = {isa = PBXFileReference; fileEncoding = 4; lastKnownFileType = file.xib; path = ExpandingCell.xib; sourceTree = "<group>"; };
		D0774D8B193CD8D300821D51 /* ExpandingCell.h */ = {isa = PBXFileReference; fileEncoding = 4; lastKnownFileType = sourcecode.c.h; path = ExpandingCell.h; sourceTree = "<group>"; };
		D0774D8C193CD8D300821D51 /* ExpandingCell.m */ = {isa = PBXFileReference; fileEncoding = 4; lastKnownFileType = sourcecode.c.objc; path = ExpandingCell.m; sourceTree = "<group>"; };
		D0EC0C1919369684005A9138 /* Histo.png */ = {isa = PBXFileReference; lastKnownFileType = image.png; path = Histo.png; sourceTree = "<group>"; };
/* End PBXFileReference section */

/* Begin PBXFrameworksBuildPhase section */
		D06E5E2B192FA51D00A12651 /* Frameworks */ = {
			isa = PBXFrameworksBuildPhase;
			buildActionMask = 2147483647;
			files = (
				D06E5E34192FA51D00A12651 /* CoreGraphics.framework in Frameworks */,
				D06E5E36192FA51D00A12651 /* UIKit.framework in Frameworks */,
				D06E5E32192FA51D00A12651 /* Foundation.framework in Frameworks */,
			);
			runOnlyForDeploymentPostprocessing = 0;
		};
		D06E5E4C192FA51D00A12651 /* Frameworks */ = {
			isa = PBXFrameworksBuildPhase;
			buildActionMask = 2147483647;
			files = (
				D06E5E51192FA51D00A12651 /* XCTest.framework in Frameworks */,
				D06E5E53192FA51D00A12651 /* UIKit.framework in Frameworks */,
				D06E5E52192FA51D00A12651 /* Foundation.framework in Frameworks */,
			);
			runOnlyForDeploymentPostprocessing = 0;
		};
/* End PBXFrameworksBuildPhase section */

/* Begin PBXGroup section */
		462CB057193CFDD100B6CF72 /* Images */ = {
			isa = PBXGroup;
			children = (
				5962241719508A3A00701B76 /* Embryo */,
				5962242019508A3A00701B76 /* Gross */,
				5962242119508A3A00701B76 /* Histo */,
				5962242419508A3A00701B76 /* Neuro */,
				D02074ED1944FF8700AADFDA /* White Burger.png */,
				D02074EB1944FE9F00AADFDA /* Blue Button.gif */,
				D0253F3A193FE10A00CFE2AC /* E0.png */,
				D0253F3B193FE10A00CFE2AC /* E1.png */,
				D0253F3C193FE10A00CFE2AC /* E2.png */,
				D0253F3D193FE10A00CFE2AC /* E3.png */,
				D0253F3E193FE10A00CFE2AC /* E4.png */,
				D0253F3F193FE10A00CFE2AC /* E5.png */,
				D0253F40193FE10A00CFE2AC /* E6.png */,
				D0253F41193FE10A00CFE2AC /* E7.png */,
				D0EC0C1919369684005A9138 /* Histo.png */,
				462CB05B193D053E00B6CF72 /* Stains.png */,
				462CB05A193D053E00B6CF72 /* Slides.png */,
				46AC5F12193E6461003F1E12 /* white.png */,
				46AC5F11193E6461003F1E12 /* NeuroT.png */,
				46AC5F10193E6461003F1E12 /* NeuroS.png */,
				46AC5F0F193E6461003F1E12 /* NeuroL.png */,
				46AC5F0E193E6461003F1E12 /* NeuroC.png */,
				46AC5F0D193E6461003F1E12 /* Gross.png */,
				462CB058193CFEDA00B6CF72 /* Animations.png */,
				466C49C2193BC606000B2A78 /* 3D Models.png */,
				466C49B7193BBA0F000B2A78 /* Black Burger.png */,
				466C49AE193BB914000B2A78 /* home.png */,
				466C49AF193BB914000B2A78 /* Index.png */,
				466C49B0193BB914000B2A78 /* videos.png */,
				462CB04D193CFDB200B6CF72 /* Letter E.png */,
				462CB04E193CFDB200B6CF72 /* Letter G.png */,
				462CB04F193CFDB200B6CF72 /* Letter H.png */,
				462CB050193CFDB200B6CF72 /* Letter N.png */,
				462CB051193CFDB200B6CF72 /* Tracts.png */,
			);
			name = Images;
			sourceTree = "<group>";
		};
		5962241219508A1500701B76 /* Embryo */ = {
			isa = PBXGroup;
			children = (
				5962241319508A1500701B76 /* Neuraltube_001.mp4 */,
			);
			name = Embryo;
			path = Videos/Embryo;
			sourceTree = "<group>";
		};
		5962241719508A3A00701B76 /* Embryo */ = {
			isa = PBXGroup;
			children = (
				5962241819508A3A00701B76 /* CNS Development.png */,
				5962241919508A3A00701B76 /* Initial Spinal Cord.png */,
				5962241A19508A3A00701B76 /* Neural Tube Formation.png */,
				5962241B19508A3A00701B76 /* Neural Tube Labelled.png */,
				5962241C19508A3A00701B76 /* Neural Tube Patterning.png */,
				5962241D19508A3A00701B76 /* Neuroepithelium.png */,
				5962241E19508A3A00701B76 /* SC change position.png */,
				5962241F19508A3A00701B76 /* Spinal Cord Further Development.png */,
			);
			name = Embryo;
			path = Images/Embryo;
			sourceTree = "<group>";
		};
		5962242019508A3A00701B76 /* Gross */ = {
			isa = PBXGroup;
			children = (
			);
			name = Gross;
			path = Images/Gross;
			sourceTree = "<group>";
		};
		5962242119508A3A00701B76 /* Histo */ = {
			isa = PBXGroup;
			children = (
				5962242219508A3A00701B76 /* histo1.jpg */,
				5962242319508A3A00701B76 /* histo2.jpg */,
			);
			name = Histo;
			path = Images/Histo;
			sourceTree = "<group>";
		};
		5962242419508A3A00701B76 /* Neuro */ = {
			isa = PBXGroup;
			children = (
				461B45DE1950CE980000189B /* Cervical_Drawing.png */,
				461B45DF1950CE980000189B /* Cervical_Scan.png */,
				461B45E01950CE980000189B /* Lumbar_Drawing.png */,
				461B45E11950CE980000189B /* Lumbar_Scan.png */,
				461B45E21950CE980000189B /* Sacral_Drawing.png */,
				461B45E31950CE980000189B /* Sacral_Scan.png */,
				461B45E41950CE980000189B /* Thoracic_Drawing.png */,
				461B45E51950CE980000189B /* Thoracic_Scan.png */,
				5962242519508A3A00701B76 /* neuro-cerv-scan.jpg */,
				5962242619508A3A00701B76 /* neuro-cerv.jpg */,
				5962242719508A3A00701B76 /* neuro-lumb-scan.jpg */,
				5962242819508A3A00701B76 /* neuro-lumb.jpg */,
				5962242919508A3A00701B76 /* neuro-sacral-scan.jpg */,
				5962242A19508A3A00701B76 /* neuro-sacral.jpg */,
				5962242B19508A3A00701B76 /* neuro-thoracic-scan.jpg */,
				5962242C19508A3A00701B76 /* neuro-thoracic.jpg */,
			);
			name = Neuro;
			path = Images/Neuro;
			sourceTree = "<group>";
		};
		59B307C6194A3C3200B4D251 /* Videos */ = {
			isa = PBXGroup;
			children = (
				5962241219508A1500701B76 /* Embryo */,
			);
			name = Videos;
			sourceTree = "<group>";
		};
		59B307C9194A418C00B4D251 /* XML */ = {
			isa = PBXGroup;
			children = (
				D02F1CFA194644350095A8E9 /* Neuroterms.plist */,
				D00CA833194785A700C01BBF /* Embryoterms.plist */,
				D00CA835194785B500C01BBF /* Histoterms.plist */,
				D00CA837194785C200C01BBF /* Grossterms.plist */,
			);
			name = XML;
			sourceTree = "<group>";
		};
		D0253F24193FD6F700CFE2AC /* Embryology */ = {
			isa = PBXGroup;
			children = (
				D074CE6C192FF79300A2BAB1 /* EmbryoViewController.m */,
				D074CE6B192FF79300A2BAB1 /* EmbryoViewController.h */,
				5953AA14194683B000677409 /* EmbryoAnimationsListViewController.h */,
				5953AA15194683B000677409 /* EmbryoAnimationsListViewController.m */,
				D00CA8421947948F00C01BBF /* EmbryoIndexViewController.h */,
				D00CA8431947948F00C01BBF /* EmbryoIndexViewController.m */,
			);
			name = Embryology;
			sourceTree = "<group>";
		};
		D0253F25193FD70F00CFE2AC /* Histology */ = {
			isa = PBXGroup;
			children = (
				D074CE63192FF3CB00A2BAB1 /* HistologyViewController.m */,
				D074CE62192FF3CB00A2BAB1 /* HistologyViewController.h */,
				D00CA83F1947941900C01BBF /* HistoIndexViewController.h */,
				D00CA8401947941900C01BBF /* HistoIndexViewController.m */,
				5962243F19508F4000701B76 /* HistoSlide1ViewController.h */,
				5962244019508F4000701B76 /* HistoSlide1ViewController.m */,
				596224421950907000701B76 /* HistoSlide2ViewController.h */,
				596224431950907000701B76 /* HistoSlide2ViewController.m */,
			);
			name = Histology;
			sourceTree = "<group>";
		};
		D0253F26193FD71900CFE2AC /* Gross Anatomy */ = {
			isa = PBXGroup;
			children = (
				5953AA0B19467D6500677409 /* GrossVideoListViewController.h */,
				5953AA0C19467D6500677409 /* GrossVideoListViewController.m */,
				D074CE69192FF77E00A2BAB1 /* GrossViewController.m */,
				D074CE68192FF77E00A2BAB1 /* GrossViewController.h */,
				5953AA0E1946802C00677409 /* Gross3DModelViewController.h */,
				5953AA0F1946802C00677409 /* Gross3DModelViewController.m */,
				D00CA83C1947936900C01BBF /* GrossIndexViewController.h */,
				D00CA83D1947936900C01BBF /* GrossIndexViewController.m */,
			);
			name = "Gross Anatomy";
			sourceTree = "<group>";
		};
		D0253F27193FD72100CFE2AC /* Neuroanatomy */ = {
			isa = PBXGroup;
			children = (
				D074CE6F192FF7A000A2BAB1 /* NeuroViewController.m */,
				D074CE6E192FF7A000A2BAB1 /* NeuroViewController.h */,
				5953AA111946828B00677409 /* NeuroAnimationsListViewController.h */,
				5953AA121946828B00677409 /* NeuroAnimationsListViewController.m */,
				D00CA839194792CB00C01BBF /* NeuroIndexViewController.h */,
				D00CA83A194792CB00C01BBF /* NeuroIndexViewController.m */,
			);
			name = Neuroanatomy;
			sourceTree = "<group>";
		};
		D0253F28193FD73400CFE2AC /* IndexAll */ = {
			isa = PBXGroup;
			children = (
				D06E5E6A192FA9F600A12651 /* IndexAllViewController.m */,
				D06E5E69192FA9F600A12651 /* IndexAllViewController.h */,
				D05B5767195233B90098D846 /* SRExpandableTableViewController.h */,
				D05B5768195233B90098D846 /* SRExpandableTableViewController.m */,
			);
			name = IndexAll;
			sourceTree = "<group>";
		};
		D0253F29193FD77C00CFE2AC /* Sidebar */ = {
			isa = PBXGroup;
			children = (
				466C49BA193BBA7D000B2A78 /* RNFrostedSidebar.m */,
				466C49B9193BBA7D000B2A78 /* RNFrostedSidebar.h */,
			);
			name = Sidebar;
			sourceTree = "<group>";
		};
		D06E5E25192FA51D00A12651 = {
			isa = PBXGroup;
			children = (
				D06E5E37192FA51D00A12651 /* HomePage */,
				D06E5E56192FA51D00A12651 /* HomePageTests */,
				D06E5E30192FA51D00A12651 /* Frameworks */,
				D06E5E2F192FA51D00A12651 /* Products */,
			);
			sourceTree = "<group>";
		};
		D06E5E2F192FA51D00A12651 /* Products */ = {
			isa = PBXGroup;
			children = (
				D06E5E2E192FA51D00A12651 /* HomePage.app */,
				D06E5E4F192FA51D00A12651 /* HomePageTests.xctest */,
			);
			name = Products;
			sourceTree = "<group>";
		};
		D06E5E30192FA51D00A12651 /* Frameworks */ = {
			isa = PBXGroup;
			children = (
				D06E5E31192FA51D00A12651 /* Foundation.framework */,
				D06E5E33192FA51D00A12651 /* CoreGraphics.framework */,
				D06E5E35192FA51D00A12651 /* UIKit.framework */,
				D06E5E50192FA51D00A12651 /* XCTest.framework */,
			);
			name = Frameworks;
			sourceTree = "<group>";
		};
		D06E5E37192FA51D00A12651 /* HomePage */ = {
			isa = PBXGroup;
			children = (
				D0253F29193FD77C00CFE2AC /* Sidebar */,
				D0774D88193CD51900821D51 /* ExpandingCell */,
				D06E5E40192FA51D00A12651 /* HomePageAppDelegate.h */,
				D06E5E41192FA51D00A12651 /* HomePageAppDelegate.m */,
				D06E5E43192FA51D00A12651 /* Main.storyboard */,
				D06E5E46192FA51D00A12651 /* HomePageViewController.h */,
				D06E5E47192FA51D00A12651 /* HomePageViewController.m */,
				D06E5E49192FA51D00A12651 /* Images.xcassets */,
				D06E5E38192FA51D00A12651 /* Supporting Files */,
			);
			path = HomePage;
			sourceTree = "<group>";
		};
		D06E5E38192FA51D00A12651 /* Supporting Files */ = {
			isa = PBXGroup;
			children = (
				59B307C9194A418C00B4D251 /* XML */,
				59B307C6194A3C3200B4D251 /* Videos */,
				D0253F28193FD73400CFE2AC /* IndexAll */,
				D0253F27193FD72100CFE2AC /* Neuroanatomy */,
				D0253F26193FD71900CFE2AC /* Gross Anatomy */,
				D0253F25193FD70F00CFE2AC /* Histology */,
				D0253F24193FD6F700CFE2AC /* Embryology */,
				462CB057193CFDD100B6CF72 /* Images */,
				D06E5E39192FA51D00A12651 /* HomePage-Info.plist */,
				D06E5E3A192FA51D00A12651 /* InfoPlist.strings */,
				D06E5E3D192FA51D00A12651 /* main.m */,
				D06E5E3F192FA51D00A12651 /* HomePage-Prefix.pch */,
			);
			name = "Supporting Files";
			sourceTree = "<group>";
		};
		D06E5E56192FA51D00A12651 /* HomePageTests */ = {
			isa = PBXGroup;
			children = (
				D06E5E5C192FA51D00A12651 /* HomePageTests.m */,
				D06E5E57192FA51D00A12651 /* Supporting Files */,
			);
			path = HomePageTests;
			sourceTree = "<group>";
		};
		D06E5E57192FA51D00A12651 /* Supporting Files */ = {
			isa = PBXGroup;
			children = (
				D06E5E58192FA51D00A12651 /* HomePageTests-Info.plist */,
				D06E5E59192FA51D00A12651 /* InfoPlist.strings */,
			);
			name = "Supporting Files";
			sourceTree = "<group>";
		};
		D0774D88193CD51900821D51 /* ExpandingCell */ = {
			isa = PBXGroup;
			children = (
				D0774D89193CD5D400821D51 /* ExpandingCell.xib */,
				D0774D8B193CD8D300821D51 /* ExpandingCell.h */,
				D0774D8C193CD8D300821D51 /* ExpandingCell.m */,
			);
			name = ExpandingCell;
			sourceTree = "<group>";
		};
/* End PBXGroup section */

/* Begin PBXNativeTarget section */
		D06E5E2D192FA51D00A12651 /* HomePage */ = {
			isa = PBXNativeTarget;
			buildConfigurationList = D06E5E60192FA51D00A12651 /* Build configuration list for PBXNativeTarget "HomePage" */;
			buildPhases = (
				D06E5E2A192FA51D00A12651 /* Sources */,
				D06E5E2B192FA51D00A12651 /* Frameworks */,
				D06E5E2C192FA51D00A12651 /* Resources */,
			);
			buildRules = (
			);
			dependencies = (
			);
			name = HomePage;
			productName = HomePage;
			productReference = D06E5E2E192FA51D00A12651 /* HomePage.app */;
			productType = "com.apple.product-type.application";
		};
		D06E5E4E192FA51D00A12651 /* HomePageTests */ = {
			isa = PBXNativeTarget;
			buildConfigurationList = D06E5E63192FA51D00A12651 /* Build configuration list for PBXNativeTarget "HomePageTests" */;
			buildPhases = (
				D06E5E4B192FA51D00A12651 /* Sources */,
				D06E5E4C192FA51D00A12651 /* Frameworks */,
				D06E5E4D192FA51D00A12651 /* Resources */,
			);
			buildRules = (
			);
			dependencies = (
				D06E5E55192FA51D00A12651 /* PBXTargetDependency */,
			);
			name = HomePageTests;
			productName = HomePageTests;
			productReference = D06E5E4F192FA51D00A12651 /* HomePageTests.xctest */;
			productType = "com.apple.product-type.bundle.unit-test";
		};
/* End PBXNativeTarget section */

/* Begin PBXProject section */
		D06E5E26192FA51D00A12651 /* Project object */ = {
			isa = PBXProject;
			attributes = {
				CLASSPREFIX = HomePage;
				LastUpgradeCheck = 0510;
				ORGANIZATIONNAME = TeamRocket;
				TargetAttributes = {
					D06E5E4E192FA51D00A12651 = {
						TestTargetID = D06E5E2D192FA51D00A12651;
					};
				};
			};
			buildConfigurationList = D06E5E29192FA51D00A12651 /* Build configuration list for PBXProject "HomePage" */;
			compatibilityVersion = "Xcode 3.2";
			developmentRegion = English;
			hasScannedForEncodings = 0;
			knownRegions = (
				en,
				Base,
			);
			mainGroup = D06E5E25192FA51D00A12651;
			productRefGroup = D06E5E2F192FA51D00A12651 /* Products */;
			projectDirPath = "";
			projectRoot = "";
			targets = (
				D06E5E2D192FA51D00A12651 /* HomePage */,
				D06E5E4E192FA51D00A12651 /* HomePageTests */,
			);
		};
/* End PBXProject section */

/* Begin PBXResourcesBuildPhase section */
		D06E5E2C192FA51D00A12651 /* Resources */ = {
			isa = PBXResourcesBuildPhase;
			buildActionMask = 2147483647;
			files = (
				D0253F42193FE10A00CFE2AC /* E0.png in Resources */,
				5962243D19508A3A00701B76 /* neuro-thoracic-scan.jpg in Resources */,
				46AC5F14193E6461003F1E12 /* Gross.png in Resources */,
				5962243019508A3A00701B76 /* Neural Tube Labelled.png in Resources */,
				466C49B8193BBA0F000B2A78 /* Black Burger.png in Resources */,
				5962243819508A3A00701B76 /* neuro-cerv.jpg in Resources */,
				461B45EA1950CE980000189B /* Sacral_Drawing.png in Resources */,
				D02074EE1944FF8700AADFDA /* White Burger.png in Resources */,
				46AC5F16193E6461003F1E12 /* NeuroL.png in Resources */,
				461B45E71950CE980000189B /* Cervical_Scan.png in Resources */,
				462CB05C193D053E00B6CF72 /* Slides.png in Resources */,
				D0253F47193FE10A00CFE2AC /* E5.png in Resources */,
				5962243219508A3A00701B76 /* Neuroepithelium.png in Resources */,
				461B45E61950CE980000189B /* Cervical_Drawing.png in Resources */,
				5962242D19508A3A00701B76 /* CNS Development.png in Resources */,
				462CB055193CFDB200B6CF72 /* Letter N.png in Resources */,
				5962243519508A3A00701B76 /* histo1.jpg in Resources */,
				5962243119508A3A00701B76 /* Neural Tube Patterning.png in Resources */,
				462CB05D193D053E00B6CF72 /* Stains.png in Resources */,
				46AC5F19193E6461003F1E12 /* white.png in Resources */,
				462CB059193CFEDA00B6CF72 /* Animations.png in Resources */,
				D0253F46193FE10A00CFE2AC /* E4.png in Resources */,
				5962242E19508A3A00701B76 /* Initial Spinal Cord.png in Resources */,
				462CB054193CFDB200B6CF72 /* Letter H.png in Resources */,
				5962243A19508A3A00701B76 /* neuro-lumb.jpg in Resources */,
				46AC5F17193E6461003F1E12 /* NeuroS.png in Resources */,
				D02F1CFB194644350095A8E9 /* Neuroterms.plist in Resources */,
				5962243619508A3A00701B76 /* histo2.jpg in Resources */,
				466C49C3193BC606000B2A78 /* 3D Models.png in Resources */,
				5962241519508A1500701B76 /* Neuraltube_001.mp4 in Resources */,
				D06E5E4A192FA51D00A12651 /* Images.xcassets in Resources */,
				461B45EC1950CE980000189B /* Thoracic_Drawing.png in Resources */,
				D0253F43193FE10A00CFE2AC /* E1.png in Resources */,
				D0EC0C1A19369684005A9138 /* Histo.png in Resources */,
				462CB052193CFDB200B6CF72 /* Letter E.png in Resources */,
				5962243319508A3A00701B76 /* SC change position.png in Resources */,
				466C49B6193BB914000B2A78 /* videos.png in Resources */,
				5962243E19508A3A00701B76 /* neuro-thoracic.jpg in Resources */,
				D00CA838194785C200C01BBF /* Grossterms.plist in Resources */,
				462CB053193CFDB200B6CF72 /* Letter G.png in Resources */,
				466C49B4193BB914000B2A78 /* home.png in Resources */,
				D0253F49193FE10A00CFE2AC /* E7.png in Resources */,
				D06E5E3C192FA51D00A12651 /* InfoPlist.strings in Resources */,
				D0253F44193FE10A00CFE2AC /* E2.png in Resources */,
				D0253F45193FE10A00CFE2AC /* E3.png in Resources */,
				D00CA836194785B500C01BBF /* Histoterms.plist in Resources */,
				461B45E91950CE980000189B /* Lumbar_Scan.png in Resources */,
				466C49B5193BB914000B2A78 /* Index.png in Resources */,
				462CB056193CFDB200B6CF72 /* Tracts.png in Resources */,
				5962243B19508A3A00701B76 /* neuro-sacral-scan.jpg in Resources */,
				461B45EB1950CE980000189B /* Sacral_Scan.png in Resources */,
				46AC5F15193E6461003F1E12 /* NeuroC.png in Resources */,
				D06E5E45192FA51D00A12651 /* Main.storyboard in Resources */,
				D02074EC1944FE9F00AADFDA /* Blue Button.gif in Resources */,
				5962243C19508A3A00701B76 /* neuro-sacral.jpg in Resources */,
				D00CA834194785A700C01BBF /* Embryoterms.plist in Resources */,
				5962243719508A3A00701B76 /* neuro-cerv-scan.jpg in Resources */,
				D0253F48193FE10A00CFE2AC /* E6.png in Resources */,
				46AC5F18193E6461003F1E12 /* NeuroT.png in Resources */,
				5962242F19508A3A00701B76 /* Neural Tube Formation.png in Resources */,
				5962243419508A3A00701B76 /* Spinal Cord Further Development.png in Resources */,
				5962243919508A3A00701B76 /* neuro-lumb-scan.jpg in Resources */,
				D0774D8A193CD5D400821D51 /* ExpandingCell.xib in Resources */,
				461B45E81950CE980000189B /* Lumbar_Drawing.png in Resources */,
				461B45ED1950CE980000189B /* Thoracic_Scan.png in Resources */,
			);
			runOnlyForDeploymentPostprocessing = 0;
		};
		D06E5E4D192FA51D00A12651 /* Resources */ = {
			isa = PBXResourcesBuildPhase;
			buildActionMask = 2147483647;
			files = (
				D06E5E5B192FA51D00A12651 /* InfoPlist.strings in Resources */,
			);
			runOnlyForDeploymentPostprocessing = 0;
		};
/* End PBXResourcesBuildPhase section */

/* Begin PBXSourcesBuildPhase section */
		D06E5E2A192FA51D00A12651 /* Sources */ = {
			isa = PBXSourcesBuildPhase;
			buildActionMask = 2147483647;
			files = (
				5953AA101946802C00677409 /* Gross3DModelViewController.m in Sources */,
				D0774D8D193CD8D300821D51 /* ExpandingCell.m in Sources */,
				D074CE70192FF7A000A2BAB1 /* NeuroViewController.m in Sources */,
				5953AA131946828B00677409 /* NeuroAnimationsListViewController.m in Sources */,
				D06E5E42192FA51D00A12651 /* HomePageAppDelegate.m in Sources */,
				D074CE64192FF3CB00A2BAB1 /* HistologyViewController.m in Sources */,
				5953AA0D19467D6500677409 /* GrossVideoListViewController.m in Sources */,
				D05B5769195233B90098D846 /* SRExpandableTableViewController.m in Sources */,
				D06E5E3E192FA51D00A12651 /* main.m in Sources */,
				D06E5E48192FA51D00A12651 /* HomePageViewController.m in Sources */,
				5953AA16194683B000677409 /* EmbryoAnimationsListViewController.m in Sources */,
				D00CA83E1947936900C01BBF /* GrossIndexViewController.m in Sources */,
				596224441950907000701B76 /* HistoSlide2ViewController.m in Sources */,
				D06E5E6B192FA9F600A12651 /* IndexAllViewController.m in Sources */,
				5962244119508F4000701B76 /* HistoSlide1ViewController.m in Sources */,
				D00CA83B194792CB00C01BBF /* NeuroIndexViewController.m in Sources */,
				D074CE6D192FF79300A2BAB1 /* EmbryoViewController.m in Sources */,
				D074CE6A192FF77E00A2BAB1 /* GrossViewController.m in Sources */,
				466C49BB193BBA7D000B2A78 /* RNFrostedSidebar.m in Sources */,
				D00CA8411947941900C01BBF /* HistoIndexViewController.m in Sources */,
				D00CA8441947948F00C01BBF /* EmbryoIndexViewController.m in Sources */,
			);
			runOnlyForDeploymentPostprocessing = 0;
		};
		D06E5E4B192FA51D00A12651 /* Sources */ = {
			isa = PBXSourcesBuildPhase;
			buildActionMask = 2147483647;
			files = (
				D06E5E5D192FA51D00A12651 /* HomePageTests.m in Sources */,
			);
			runOnlyForDeploymentPostprocessing = 0;
		};
/* End PBXSourcesBuildPhase section */

/* Begin PBXTargetDependency section */
		D06E5E55192FA51D00A12651 /* PBXTargetDependency */ = {
			isa = PBXTargetDependency;
			target = D06E5E2D192FA51D00A12651 /* HomePage */;
			targetProxy = D06E5E54192FA51D00A12651 /* PBXContainerItemProxy */;
		};
/* End PBXTargetDependency section */

/* Begin PBXVariantGroup section */
		D06E5E3A192FA51D00A12651 /* InfoPlist.strings */ = {
			isa = PBXVariantGroup;
			children = (
				D06E5E3B192FA51D00A12651 /* en */,
			);
			name = InfoPlist.strings;
			sourceTree = "<group>";
		};
		D06E5E43192FA51D00A12651 /* Main.storyboard */ = {
			isa = PBXVariantGroup;
			children = (
				D06E5E44192FA51D00A12651 /* Base */,
			);
			name = Main.storyboard;
			sourceTree = "<group>";
		};
		D06E5E59192FA51D00A12651 /* InfoPlist.strings */ = {
			isa = PBXVariantGroup;
			children = (
				D06E5E5A192FA51D00A12651 /* en */,
			);
			name = InfoPlist.strings;
			sourceTree = "<group>";
		};
/* End PBXVariantGroup section */

/* Begin XCBuildConfiguration section */
		D06E5E5E192FA51D00A12651 /* Debug */ = {
			isa = XCBuildConfiguration;
			buildSettings = {
				ALWAYS_SEARCH_USER_PATHS = NO;
				CLANG_CXX_LANGUAGE_STANDARD = "gnu++0x";
				CLANG_CXX_LIBRARY = "libc++";
				CLANG_ENABLE_MODULES = YES;
				CLANG_ENABLE_OBJC_ARC = YES;
				CLANG_WARN_BOOL_CONVERSION = YES;
				CLANG_WARN_CONSTANT_CONVERSION = YES;
				CLANG_WARN_DIRECT_OBJC_ISA_USAGE = YES_ERROR;
				CLANG_WARN_EMPTY_BODY = YES;
				CLANG_WARN_ENUM_CONVERSION = YES;
				CLANG_WARN_INT_CONVERSION = YES;
				CLANG_WARN_OBJC_ROOT_CLASS = YES_ERROR;
				CLANG_WARN__DUPLICATE_METHOD_MATCH = YES;
				"CODE_SIGN_IDENTITY[sdk=iphoneos*]" = "iPhone Developer";
				COPY_PHASE_STRIP = NO;
				GCC_C_LANGUAGE_STANDARD = gnu99;
				GCC_DYNAMIC_NO_PIC = NO;
				GCC_OPTIMIZATION_LEVEL = 0;
				GCC_PREPROCESSOR_DEFINITIONS = (
					"DEBUG=1",
					"$(inherited)",
				);
				GCC_SYMBOLS_PRIVATE_EXTERN = NO;
				GCC_WARN_64_TO_32_BIT_CONVERSION = YES;
				GCC_WARN_ABOUT_RETURN_TYPE = YES_ERROR;
				GCC_WARN_UNDECLARED_SELECTOR = YES;
				GCC_WARN_UNINITIALIZED_AUTOS = YES_AGGRESSIVE;
				GCC_WARN_UNUSED_FUNCTION = YES;
				GCC_WARN_UNUSED_VARIABLE = YES;
				IPHONEOS_DEPLOYMENT_TARGET = 7.1;
				ONLY_ACTIVE_ARCH = YES;
				SDKROOT = iphoneos;
				TARGETED_DEVICE_FAMILY = 2;
			};
			name = Debug;
		};
		D06E5E5F192FA51D00A12651 /* Release */ = {
			isa = XCBuildConfiguration;
			buildSettings = {
				ALWAYS_SEARCH_USER_PATHS = NO;
				CLANG_CXX_LANGUAGE_STANDARD = "gnu++0x";
				CLANG_CXX_LIBRARY = "libc++";
				CLANG_ENABLE_MODULES = YES;
				CLANG_ENABLE_OBJC_ARC = YES;
				CLANG_WARN_BOOL_CONVERSION = YES;
				CLANG_WARN_CONSTANT_CONVERSION = YES;
				CLANG_WARN_DIRECT_OBJC_ISA_USAGE = YES_ERROR;
				CLANG_WARN_EMPTY_BODY = YES;
				CLANG_WARN_ENUM_CONVERSION = YES;
				CLANG_WARN_INT_CONVERSION = YES;
				CLANG_WARN_OBJC_ROOT_CLASS = YES_ERROR;
				CLANG_WARN__DUPLICATE_METHOD_MATCH = YES;
				"CODE_SIGN_IDENTITY[sdk=iphoneos*]" = "iPhone Developer";
				COPY_PHASE_STRIP = YES;
				ENABLE_NS_ASSERTIONS = NO;
				GCC_C_LANGUAGE_STANDARD = gnu99;
				GCC_WARN_64_TO_32_BIT_CONVERSION = YES;
				GCC_WARN_ABOUT_RETURN_TYPE = YES_ERROR;
				GCC_WARN_UNDECLARED_SELECTOR = YES;
				GCC_WARN_UNINITIALIZED_AUTOS = YES_AGGRESSIVE;
				GCC_WARN_UNUSED_FUNCTION = YES;
				GCC_WARN_UNUSED_VARIABLE = YES;
				IPHONEOS_DEPLOYMENT_TARGET = 7.1;
				SDKROOT = iphoneos;
				TARGETED_DEVICE_FAMILY = 2;
				VALIDATE_PRODUCT = YES;
			};
			name = Release;
		};
		D06E5E61192FA51D00A12651 /* Debug */ = {
			isa = XCBuildConfiguration;
			buildSettings = {
				ASSETCATALOG_COMPILER_APPICON_NAME = AppIcon;
				ASSETCATALOG_COMPILER_LAUNCHIMAGE_NAME = LaunchImage;
				GCC_PRECOMPILE_PREFIX_HEADER = YES;
				GCC_PREFIX_HEADER = "HomePage/HomePage-Prefix.pch";
				INFOPLIST_FILE = "HomePage/HomePage-Info.plist";
				PRODUCT_NAME = "$(TARGET_NAME)";
				WRAPPER_EXTENSION = app;
			};
			name = Debug;
		};
		D06E5E62192FA51D00A12651 /* Release */ = {
			isa = XCBuildConfiguration;
			buildSettings = {
				ASSETCATALOG_COMPILER_APPICON_NAME = AppIcon;
				ASSETCATALOG_COMPILER_LAUNCHIMAGE_NAME = LaunchImage;
				GCC_PRECOMPILE_PREFIX_HEADER = YES;
				GCC_PREFIX_HEADER = "HomePage/HomePage-Prefix.pch";
				INFOPLIST_FILE = "HomePage/HomePage-Info.plist";
				PRODUCT_NAME = "$(TARGET_NAME)";
				WRAPPER_EXTENSION = app;
			};
			name = Release;
		};
		D06E5E64192FA51D00A12651 /* Debug */ = {
			isa = XCBuildConfiguration;
			buildSettings = {
				BUNDLE_LOADER = "$(BUILT_PRODUCTS_DIR)/HomePage.app/HomePage";
				FRAMEWORK_SEARCH_PATHS = (
					"$(SDKROOT)/Developer/Library/Frameworks",
					"$(inherited)",
					"$(DEVELOPER_FRAMEWORKS_DIR)",
				);
				GCC_PRECOMPILE_PREFIX_HEADER = YES;
				GCC_PREFIX_HEADER = "HomePage/HomePage-Prefix.pch";
				GCC_PREPROCESSOR_DEFINITIONS = (
					"DEBUG=1",
					"$(inherited)",
				);
				INFOPLIST_FILE = "HomePageTests/HomePageTests-Info.plist";
				PRODUCT_NAME = "$(TARGET_NAME)";
				TEST_HOST = "$(BUNDLE_LOADER)";
				WRAPPER_EXTENSION = xctest;
			};
			name = Debug;
		};
		D06E5E65192FA51D00A12651 /* Release */ = {
			isa = XCBuildConfiguration;
			buildSettings = {
				BUNDLE_LOADER = "$(BUILT_PRODUCTS_DIR)/HomePage.app/HomePage";
				FRAMEWORK_SEARCH_PATHS = (
					"$(SDKROOT)/Developer/Library/Frameworks",
					"$(inherited)",
					"$(DEVELOPER_FRAMEWORKS_DIR)",
				);
				GCC_PRECOMPILE_PREFIX_HEADER = YES;
				GCC_PREFIX_HEADER = "HomePage/HomePage-Prefix.pch";
				INFOPLIST_FILE = "HomePageTests/HomePageTests-Info.plist";
				PRODUCT_NAME = "$(TARGET_NAME)";
				TEST_HOST = "$(BUNDLE_LOADER)";
				WRAPPER_EXTENSION = xctest;
			};
			name = Release;
		};
/* End XCBuildConfiguration section */

/* Begin XCConfigurationList section */
		D06E5E29192FA51D00A12651 /* Build configuration list for PBXProject "HomePage" */ = {
			isa = XCConfigurationList;
			buildConfigurations = (
				D06E5E5E192FA51D00A12651 /* Debug */,
				D06E5E5F192FA51D00A12651 /* Release */,
			);
			defaultConfigurationIsVisible = 0;
			defaultConfigurationName = Release;
		};
		D06E5E60192FA51D00A12651 /* Build configuration list for PBXNativeTarget "HomePage" */ = {
			isa = XCConfigurationList;
			buildConfigurations = (
				D06E5E61192FA51D00A12651 /* Debug */,
				D06E5E62192FA51D00A12651 /* Release */,
			);
			defaultConfigurationIsVisible = 0;
			defaultConfigurationName = Release;
		};
		D06E5E63192FA51D00A12651 /* Build configuration list for PBXNativeTarget "HomePageTests" */ = {
			isa = XCConfigurationList;
			buildConfigurations = (
				D06E5E64192FA51D00A12651 /* Debug */,
				D06E5E65192FA51D00A12651 /* Release */,
			);
			defaultConfigurationIsVisible = 0;
			defaultConfigurationName = Release;
		};
/* End XCConfigurationList section */
	};
	rootObject = D06E5E26192FA51D00A12651 /* Project object */;
}
